
Microsoft Visual Studio Solution File, Format Version 12.00
# Visual Studio Version 17
VisualStudioVersion = 17.4.33213.308
MinimumVisualStudioVersion = 10.0.40219.1
Project("{FAE04EC0-301F-11D3-BF4B-00C04F79EFBC}") = "Catalogo", "Catalogo\Catalogo.csproj", "{19EDBCEF-0317-4988-8D0E-E0B65D16D1D0}"
EndProject
Global
	GlobalSection(SolutionConfigurationPlatforms) = preSolution
		Debug|Any CPU = Debug|Any CPU
		Release|Any CPU = Release|Any CPU
	EndGlobalSection
	GlobalSection(ProjectConfigurationPlatforms) = postSolution
		{19EDBCEF-0317-4988-8D0E-E0B65D16D1D0}.Debug|Any CPU.ActiveCfg = Debug|Any CPU
		{19EDBCEF-0317-4988-8D0E-E0B65D16D1D0}.Debug|Any CPU.Build.0 = Debug|Any CPU
		{19EDBCEF-0317-4988-8D0E-E0B65D16D1D0}.Release|Any CPU.ActiveCfg = Release|Any CPU
		{19EDBCEF-0317-4988-8D0E-E0B65D16D1D0}.Release|Any CPU.Build.0 = Release|Any CPU
	EndGlobalSection
	GlobalSection(SolutionProperties) = preSolution
		HideSolutionNode = FALSE
	EndGlobalSection
	GlobalSection(ExtensibilityGlobals) = postSolution
		SolutionGuid = {FDF9727E-C651-432A-886E-993C7DAC1889}
	EndGlobalSection
EndGlobal
